{
  "version": 4,
  "terraform_version": "0.13.2",
  "serial": 17,
  "lineage": "65819883-dd47-0f0d-be4c-a7d370bbec98",
  "outputs": {},
  "resources": [
    {
      "mode": "data",
      "type": "configcat_configs",
      "name": "configs",
      "provider": "provider[\"registry.terraform.io/configcat/configcat\"]",
      "instances": [
        {
          "schema_version": 0,
          "attributes": {
            "configs": [
              {
                "config_id": "08d86d63-2731-4b8b-823a-56ddda9da038",
                "name": "Main Config"
              }
            ],
            "id": "1602616696",
            "name_filter_regex": "Main Config",
            "product_id": "08d86d63-2721-4da6-8c06-584521d516bc"
          }
        }
      ]
    },
    {
      "mode": "data",
      "type": "configcat_environments",
      "name": "environments",
      "provider": "provider[\"registry.terraform.io/configcat/configcat\"]",
      "instances": [
        {
          "schema_version": 0,
          "attributes": {
            "environments": [
              {
                "environment_id": "08d86d63-2726-47cd-8bfc-59608ecb91e2",
                "name": "Test"
              }
            ],
            "id": "1602616696",
            "name_filter_regex": "Test",
            "product_id": "08d86d63-2721-4da6-8c06-584521d516bc"
          }
        }
      ]
    },
    {
      "mode": "data",
      "type": "configcat_products",
      "name": "products",
      "provider": "provider[\"registry.terraform.io/configcat/configcat\"]",
      "instances": [
        {
          "schema_version": 0,
          "attributes": {
            "id": "1602616696",
            "name_filter_regex": "Configcat's product",
            "products": [
              {
                "name": "Configcat's product",
                "product_id": "08d86d63-2721-4da6-8c06-584521d516bc"
              }
            ]
          }
        }
      ]
    },
    {
      "mode": "managed",
      "type": "configcat_setting",
      "name": "setting",
      "provider": "provider[\"registry.terraform.io/configcat/configcat\"]",
      "instances": [
        {
          "schema_version": 0,
          "attributes": {
            "config_id": "08d86d63-2731-4b8b-823a-56ddda9da038",
            "hint": "Created by Terraform",
            "id": "68299",
            "key": "facebookSharingEnabled",
            "name": "Facebook sharing enabled",
            "setting_type": "boolean"
          },
          "private": "bnVsbA==",
          "dependencies": [
            "data.configcat_configs.configs"
          ]
        }
      ]
    },
    {
      "mode": "managed",
      "type": "configcat_setting_value",
      "name": "setting_value",
      "provider": "provider[\"registry.terraform.io/configcat/configcat\"]",
      "instances": [
        {
          "schema_version": 0,
          "attributes": {
            "environment_id": "08d86d63-2726-47cd-8bfc-59608ecb91e2",
            "id": "08d86d63-2726-47cd-8bfc-59608ecb91e2.68299",
            "init_only": false,
            "percentage_items": [],
            "rollout_rules": [
              {
                "comparator": "contains",
                "comparison_attribute": "Email",
                "comparison_value": "@configcat.com",
                "value": "true"
              }
            ],
            "setting_id": "68299",
            "setting_type": "boolean",
            "value": "false"
          },
          "private": "bnVsbA==",
          "dependencies": [
            "configcat_setting.setting",
            "data.configcat_configs.configs",
            "data.configcat_environments.environments"
          ]
        }
      ]
    }
  ]
}
